# THIS IS AN AUTOGENERATED FILE. DO NOT EDIT THIS FILE DIRECTLY.
# yarn lockfile v1


base64-js@^1.0.2:
  version "1.3.0"
  resolved "https://registry.yarnpkg.com/base64-js/-/base64-js-1.3.0.tgz#cab1e6118f051095e58b5281aea8c1cd22bfc0e3"

buffer@5.1.0:
  version "5.1.0"
  resolved "https://registry.yarnpkg.com/buffer/-/buffer-5.1.0.tgz#c913e43678c7cb7c8bd16afbcddb6c5505e8f9fe"
  dependencies:
    base64-js "^1.0.2"
    ieee754 "^1.1.4"

crypto@1.0.1:
  version "1.0.1"
  resolved "https://registry.yarnpkg.com/crypto/-/crypto-1.0.1.tgz#2af1b7cad8175d24c8a1b0778255794a21803037"

flow-bin@0.73.0:
  version "0.73.0"
  resolved "https://registry.yarnpkg.com/flow-bin/-/flow-bin-0.73.0.tgz#da1b90a02b0ef9c439f068c2fc14968db83be425"

ieee754@^1.1.4:
  version "1.1.11"
  resolved "https://registry.yarnpkg.com/ieee754/-/ieee754-1.1.11.tgz#c16384ffe00f5b7835824e67b6f2bd44a5229455"

js-base64@2.4.5:
  version "2.4.5"
  resolved "https://registry.yarnpkg.com/js-base64/-/js-base64-2.4.5.tgz#e293cd3c7c82f070d700fc7a1ca0a2e69f101f92"
